// !$*UTF8*$!
{
	archiveVersion = 1;
	classes = {
	};
	objectVersion = 55;
	objects = {

/* Begin PBXFileReference section */
		BCC2DD5428987F5D00DB5197 /* index.html */ = {isa = PBXFileReference; lastKnownFileType = text.html; path = index.html; sourceTree = "<group>"; };
/* End PBXFileReference section */

/* Begin PBXGroup section */
		BCC2DD4D28987C8400DB5197 = {
			isa = PBXGroup;
			children = (
				BCC2DD5428987F5D00DB5197 /* index.html */,
			);
			sourceTree = "<group>";
			usesTabs = 0;
		};
/* End PBXGroup section */

/* Begin PBXProject section */
		BCC2DD4E28987C8400DB5197 /* Project object */ = {
			isa = PBXProject;
			attributes = {
				BuildIndependentTargetsInParallel = 1;
				LastUpgradeCheck = 1340;
			};
			buildConfigurationList = BCC2DD5128987C8400DB5197 /* Build configuration list for PBXProject "mindar-project" */;
			compatibilityVersion = "Xcode 13.0";
			developmentRegion = en;
			hasScannedForEncodings = 0;
			knownRegions = (
				en,
				Base,
			);
			mainGroup = BCC2DD4D28987C8400DB5197;
			projectDirPath = "";
			projectRoot = "";
			targets = (
			);
		};
/* End PBXProject section */

/* Begin XCBuildConfiguration section */
		BCC2DD5228987C8400DB5197 /* Debug */ = {
			isa = XCBuildConfiguration;
			buildSettings = {
			};
			name = Debug;
		};
		BCC2DD5328987C8400DB5197 /* Release */ = {
			isa = XCBuildConfiguration;
			buildSettings = {
			};
			name = Release;
		};
/* End XCBuildConfiguration section */

/* Begin XCConfigurationList section */
		BCC2DD5128987C8400DB5197 /* Build configuration list for PBXProject "mindar-project" */ = {
			isa = XCConfigurationList;
			buildConfigurations = (
				BCC2DD5228987C8400DB5197 /* Debug */,
				BCC2DD5328987C8400DB5197 /* Release */,
			);
			defaultConfigurationIsVisible = 0;
			defaultConfigurationName = Release;
		};
/* End XCConfigurationList section */
	};
	rootObject = BCC2DD4E28987C8400DB5197 /* Project object */;
}
